
Microsoft Visual Studio Solution File, Format Version 12.00
# Visual Studio Version 17
VisualStudioVersion = 17.9.34723.18
MinimumVisualStudioVersion = 10.0.40219.1
Project("{FAE04EC0-301F-11D3-BF4B-00C04F79EFBC}") = "SearchEng", "SearchEng.csproj", "{E66A27FB-3B5D-4D29-B721-EE352F0358FD}"
EndProject
Global
	GlobalSection(SolutionConfigurationPlatforms) = preSolution
		Debug|Any CPU = Debug|Any CPU
		Release|Any CPU = Release|Any CPU
	EndGlobalSection
	GlobalSection(ProjectConfigurationPlatforms) = postSolution
		{E66A27FB-3B5D-4D29-B721-EE352F0358FD}.Debug|Any CPU.ActiveCfg = Debug|Any CPU
		{E66A27FB-3B5D-4D29-B721-EE352F0358FD}.Debug|Any CPU.Build.0 = Debug|Any CPU
		{E66A27FB-3B5D-4D29-B721-EE352F0358FD}.Release|Any CPU.ActiveCfg = Release|Any CPU
		{E66A27FB-3B5D-4D29-B721-EE352F0358FD}.Release|Any CPU.Build.0 = Release|Any CPU
	EndGlobalSection
	GlobalSection(SolutionProperties) = preSolution
		HideSolutionNode = FALSE
	EndGlobalSection
	GlobalSection(ExtensibilityGlobals) = postSolution
		SolutionGuid = {DB3A32D4-5E1C-4551-9E6E-351B690FBECE}
	EndGlobalSection
EndGlobal
